
Microsoft Visual Studio Solution File, Format Version 12.00
# Visual Studio 15
VisualStudioVersion = 15.0.28010.0
MinimumVisualStudioVersion = 10.0.40219.1
Project("{FAE04EC0-301F-11D3-BF4B-00C04F79EFBC}") = "SurveyResponseAnalyzer", "SurveyResponseAnalyzer\SurveyResponseAnalyzer.csproj", "{94429CD1-9053-4C37-97E5-FB80E6CB87B4}"
EndProject
Global
	GlobalSection(SolutionConfigurationPlatforms) = preSolution
		Debug|Any CPU = Debug|Any CPU
		Release|Any CPU = Release|Any CPU
	EndGlobalSection
	GlobalSection(ProjectConfigurationPlatforms) = postSolution
		{94429CD1-9053-4C37-97E5-FB80E6CB87B4}.Debug|Any CPU.ActiveCfg = Debug|Any CPU
		{94429CD1-9053-4C37-97E5-FB80E6CB87B4}.Debug|Any CPU.Build.0 = Debug|Any CPU
		{94429CD1-9053-4C37-97E5-FB80E6CB87B4}.Release|Any CPU.ActiveCfg = Release|Any CPU
		{94429CD1-9053-4C37-97E5-FB80E6CB87B4}.Release|Any CPU.Build.0 = Release|Any CPU
	EndGlobalSection
	GlobalSection(SolutionProperties) = preSolution
		HideSolutionNode = FALSE
	EndGlobalSection
	GlobalSection(ExtensibilityGlobals) = postSolution
		SolutionGuid = {42B01BDD-1FF9-43CE-8DEE-C72F79A4272F}
	EndGlobalSection
EndGlobal
